
Microsoft Visual Studio Solution File, Format Version 12.00
# Visual Studio Version 17
VisualStudioVersion = 17.8.34227.203
MinimumVisualStudioVersion = 10.0.40219.1
Project("{54A90642-561A-4BB1-A94E-469ADEE60C69}") = "PortfolioProject", "PortfolioProject\PortfolioProject.esproj", "{53F66F09-2BFA-4851-92F4-435DBC8D10F7}"
EndProject
Global
	GlobalSection(SolutionConfigurationPlatforms) = preSolution
		Debug|Any CPU = Debug|Any CPU
		Release|Any CPU = Release|Any CPU
	EndGlobalSection
	GlobalSection(ProjectConfigurationPlatforms) = postSolution
		{53F66F09-2BFA-4851-92F4-435DBC8D10F7}.Debug|Any CPU.ActiveCfg = Debug|Any CPU
		{53F66F09-2BFA-4851-92F4-435DBC8D10F7}.Debug|Any CPU.Build.0 = Debug|Any CPU
		{53F66F09-2BFA-4851-92F4-435DBC8D10F7}.Debug|Any CPU.Deploy.0 = Debug|Any CPU
		{53F66F09-2BFA-4851-92F4-435DBC8D10F7}.Release|Any CPU.ActiveCfg = Release|Any CPU
		{53F66F09-2BFA-4851-92F4-435DBC8D10F7}.Release|Any CPU.Build.0 = Release|Any CPU
		{53F66F09-2BFA-4851-92F4-435DBC8D10F7}.Release|Any CPU.Deploy.0 = Release|Any CPU
	EndGlobalSection
	GlobalSection(SolutionProperties) = preSolution
		HideSolutionNode = FALSE
	EndGlobalSection
	GlobalSection(ExtensibilityGlobals) = postSolution
		SolutionGuid = {E8901942-B968-4549-AA3B-7EA9CCFD489B}
	EndGlobalSection
EndGlobal
